
Microsoft Visual Studio Solution File, Format Version 12.00
# Visual Studio Version 16
VisualStudioVersion = 16.0.29519.87
MinimumVisualStudioVersion = 10.0.40219.1
Project("{FAE04EC0-301F-11D3-BF4B-00C04F79EFBC}") = "EricNee.AutoStartDesktop", "EricNee.AutoStartDesktop\EricNee.AutoStartDesktop.csproj", "{067CF06D-7A0F-4F98-ABD3-05C200CA9CE8}"
EndProject
Project("{9A19103F-16F7-4668-BE54-9A1E7A4F7556}") = "EricNee.AutoStartDesktop.Library", "EricNee.AutoStartDesktop.Library\EricNee.AutoStartDesktop.Library.csproj", "{DEBD2102-4B14-414E-A0FB-CAB72DB27C19}"
EndProject
Global
	GlobalSection(SolutionConfigurationPlatforms) = preSolution
		Debug|Any CPU = Debug|Any CPU
		Release|Any CPU = Release|Any CPU
	EndGlobalSection
	GlobalSection(ProjectConfigurationPlatforms) = postSolution
		{067CF06D-7A0F-4F98-ABD3-05C200CA9CE8}.Debug|Any CPU.ActiveCfg = Debug|Any CPU
		{067CF06D-7A0F-4F98-ABD3-05C200CA9CE8}.Debug|Any CPU.Build.0 = Debug|Any CPU
		{067CF06D-7A0F-4F98-ABD3-05C200CA9CE8}.Release|Any CPU.ActiveCfg = Release|Any CPU
		{067CF06D-7A0F-4F98-ABD3-05C200CA9CE8}.Release|Any CPU.Build.0 = Release|Any CPU
		{DEBD2102-4B14-414E-A0FB-CAB72DB27C19}.Debug|Any CPU.ActiveCfg = Debug|Any CPU
		{DEBD2102-4B14-414E-A0FB-CAB72DB27C19}.Debug|Any CPU.Build.0 = Debug|Any CPU
		{DEBD2102-4B14-414E-A0FB-CAB72DB27C19}.Release|Any CPU.ActiveCfg = Release|Any CPU
		{DEBD2102-4B14-414E-A0FB-CAB72DB27C19}.Release|Any CPU.Build.0 = Release|Any CPU
	EndGlobalSection
	GlobalSection(SolutionProperties) = preSolution
		HideSolutionNode = FALSE
	EndGlobalSection
	GlobalSection(ExtensibilityGlobals) = postSolution
		SolutionGuid = {1DC39A16-7115-4711-8889-CF41AEC77877}
	EndGlobalSection
EndGlobal
